
Microsoft Visual Studio Solution File, Format Version 12.00
# Visual Studio Version 16
VisualStudioVersion = 16.0.29519.181
MinimumVisualStudioVersion = 10.0.40219.1
Project("{FAE04EC0-301F-11D3-BF4B-00C04F79EFBC}") = "PieWaistMeasure", "PieWaistMeasure\PieWaistMeasure.csproj", "{A772C29A-37E1-4E37-9E16-1255D493F328}"
EndProject
Global
	GlobalSection(SolutionConfigurationPlatforms) = preSolution
		Debug|Any CPU = Debug|Any CPU
		Release|Any CPU = Release|Any CPU
	EndGlobalSection
	GlobalSection(ProjectConfigurationPlatforms) = postSolution
		{A772C29A-37E1-4E37-9E16-1255D493F328}.Debug|Any CPU.ActiveCfg = Debug|Any CPU
		{A772C29A-37E1-4E37-9E16-1255D493F328}.Debug|Any CPU.Build.0 = Debug|Any CPU
		{A772C29A-37E1-4E37-9E16-1255D493F328}.Release|Any CPU.ActiveCfg = Release|Any CPU
		{A772C29A-37E1-4E37-9E16-1255D493F328}.Release|Any CPU.Build.0 = Release|Any CPU
	EndGlobalSection
	GlobalSection(SolutionProperties) = preSolution
		HideSolutionNode = FALSE
	EndGlobalSection
	GlobalSection(ExtensibilityGlobals) = postSolution
		SolutionGuid = {D7E5608E-CAE3-478E-B5F5-66970D1811A9}
	EndGlobalSection
EndGlobal
